// !$*UTF8*$!
{
	archiveVersion = 1;
	classes = {
	};
	objectVersion = 77;
	objects = {

/* Begin PBXContainerItemProxy section */
		024717C22F33E9AE0029E7BC /* PBXContainerItemProxy */ = {
			isa = PBXContainerItemProxy;
			containerPortal = 024717A72F33E9AC0029E7BC /* Project object */;
			proxyType = 1;
			remoteGlobalIDString = 024717AE2F33E9AC0029E7BC;
			remoteInfo = Naviari_IOS;
		};
		024717CC2F33E9AE0029E7BC /* PBXContainerItemProxy */ = {
			isa = PBXContainerItemProxy;
			containerPortal = 024717A72F33E9AC0029E7BC /* Project object */;
			proxyType = 1;
			remoteGlobalIDString = 024717AE2F33E9AC0029E7BC;
			remoteInfo = Naviari_IOS;
		};
/* End PBXContainerItemProxy section */

/* Begin PBXFileReference section */
		024717AF2F33E9AC0029E7BC /* Naviari_IOS.app */ = {isa = PBXFileReference; explicitFileType = wrapper.application; includeInIndex = 0; path = Naviari_IOS.app; sourceTree = BUILT_PRODUCTS_DIR; };
		024717C12F33E9AE0029E7BC /* Naviari_IOSTests.xctest */ = {isa = PBXFileReference; explicitFileType = wrapper.cfbundle; includeInIndex = 0; path = Naviari_IOSTests.xctest; sourceTree = BUILT_PRODUCTS_DIR; };
		024717CB2F33E9AE0029E7BC /* Naviari_IOSUITests.xctest */ = {isa = PBXFileReference; explicitFileType = wrapper.cfbundle; includeInIndex = 0; path = Naviari_IOSUITests.xctest; sourceTree = BUILT_PRODUCTS_DIR; };
/* End PBXFileReference section */

/* Begin PBXFileSystemSynchronizedRootGroup section */
		024717B12F33E9AC0029E7BC /* Naviari_IOS */ = {
			isa = PBXFileSystemSynchronizedRootGroup;
			path = Naviari_IOS;
			sourceTree = "<group>";
		};
		024717C42F33E9AE0029E7BC /* Naviari_IOSTests */ = {
			isa = PBXFileSystemSynchronizedRootGroup;
			path = Naviari_IOSTests;
			sourceTree = "<group>";
		};
		024717CE2F33E9AE0029E7BC /* Naviari_IOSUITests */ = {
			isa = PBXFileSystemSynchronizedRootGroup;
			path = Naviari_IOSUITests;
			sourceTree = "<group>";
		};
/* End PBXFileSystemSynchronizedRootGroup section */

/* Begin PBXFrameworksBuildPhase section */
		024717AC2F33E9AC0029E7BC /* Frameworks */ = {
			isa = PBXFrameworksBuildPhase;
			buildActionMask = 2147483647;
			files = (
			);
			runOnlyForDeploymentPostprocessing = 0;
		};
		024717BE2F33E9AE0029E7BC /* Frameworks */ = {
			isa = PBXFrameworksBuildPhase;
			buildActionMask = 2147483647;
			files = (
			);
			runOnlyForDeploymentPostprocessing = 0;
		};
		024717C82F33E9AE0029E7BC /* Frameworks */ = {
			isa = PBXFrameworksBuildPhase;
			buildActionMask = 2147483647;
			files = (
			);
			runOnlyForDeploymentPostprocessing = 0;
		};
/* End PBXFrameworksBuildPhase section */

/* Begin PBXGroup section */
		024717A62F33E9AC0029E7BC = {
			isa = PBXGroup;
			children = (
				024717B12F33E9AC0029E7BC /* Naviari_IOS */,
				024717C42F33E9AE0029E7BC /* Naviari_IOSTests */,
				024717CE2F33E9AE0029E7BC /* Naviari_IOSUITests */,
				024717B02F33E9AC0029E7BC /* Products */,
			);
			sourceTree = "<group>";
		};
		024717B02F33E9AC0029E7BC /* Products */ = {
			isa = PBXGroup;
			children = (
				024717AF2F33E9AC0029E7BC /* Naviari_IOS.app */,
				024717C12F33E9AE0029E7BC /* Naviari_IOSTests.xctest */,
				024717CB2F33E9AE0029E7BC /* Naviari_IOSUITests.xctest */,
			);
			name = Products;
			sourceTree = "<group>";
		};
/* End PBXGroup section */

/* Begin PBXNativeTarget section */
		024717AE2F33E9AC0029E7BC /* Naviari_IOS */ = {
			isa = PBXNativeTarget;
			buildConfigurationList = 024717D52F33E9AE0029E7BC /* Build configuration list for PBXNativeTarget "Naviari_IOS" */;
			buildPhases = (
				024717AB2F33E9AC0029E7BC /* Sources */,
				024717AC2F33E9AC0029E7BC /* Frameworks */,
				024717AD2F33E9AC0029E7BC /* Resources */,
			);
			buildRules = (
			);
			dependencies = (
			);
			fileSystemSynchronizedGroups = (
				024717B12F33E9AC0029E7BC /* Naviari_IOS */,
			);
			name = Naviari_IOS;
			packageProductDependencies = (
			);
			productName = Naviari_IOS;
			productReference = 024717AF2F33E9AC0029E7BC /* Naviari_IOS.app */;
			productType = "com.apple.product-type.application";
		};
		024717C02F33E9AE0029E7BC /* Naviari_IOSTests */ = {
			isa = PBXNativeTarget;
			buildConfigurationList = 024717D82F33E9AE0029E7BC /* Build configuration list for PBXNativeTarget "Naviari_IOSTests" */;
			buildPhases = (
				024717BD2F33E9AE0029E7BC /* Sources */,
				024717BE2F33E9AE0029E7BC /* Frameworks */,
				024717BF2F33E9AE0029E7BC /* Resources */,
			);
			buildRules = (
			);
			dependencies = (
				024717C32F33E9AE0029E7BC /* PBXTargetDependency */,
			);
			fileSystemSynchronizedGroups = (
				024717C42F33E9AE0029E7BC /* Naviari_IOSTests */,
			);
			name = Naviari_IOSTests;
			packageProductDependencies = (
			);
			productName = Naviari_IOSTests;
			productReference = 024717C12F33E9AE0029E7BC /* Naviari_IOSTests.xctest */;
			productType = "com.apple.product-type.bundle.unit-test";
		};
		024717CA2F33E9AE0029E7BC /* Naviari_IOSUITests */ = {
			isa = PBXNativeTarget;
			buildConfigurationList = 024717DB2F33E9AE0029E7BC /* Build configuration list for PBXNativeTarget "Naviari_IOSUITests" */;
			buildPhases = (
				024717C72F33E9AE0029E7BC /* Sources */,
				024717C82F33E9AE0029E7BC /* Frameworks */,
				024717C92F33E9AE0029E7BC /* Resources */,
			);
			buildRules = (
			);
			dependencies = (
				024717CD2F33E9AE0029E7BC /* PBXTargetDependency */,
			);
			fileSystemSynchronizedGroups = (
				024717CE2F33E9AE0029E7BC /* Naviari_IOSUITests */,
			);
			name = Naviari_IOSUITests;
			packageProductDependencies = (
			);
			productName = Naviari_IOSUITests;
			productReference = 024717CB2F33E9AE0029E7BC /* Naviari_IOSUITests.xctest */;
			productType = "com.apple.product-type.bundle.ui-testing";
		};
/* End PBXNativeTarget section */

/* Begin PBXProject section */
		024717A72F33E9AC0029E7BC /* Project object */ = {
			isa = PBXProject;
			attributes = {
				BuildIndependentTargetsInParallel = 1;
				LastSwiftUpdateCheck = 1620;
				LastUpgradeCheck = 1620;
				TargetAttributes = {
					024717AE2F33E9AC0029E7BC = {
						CreatedOnToolsVersion = 16.2;
					};
					024717C02F33E9AE0029E7BC = {
						CreatedOnToolsVersion = 16.2;
						TestTargetID = 024717AE2F33E9AC0029E7BC;
					};
					024717CA2F33E9AE0029E7BC = {
						CreatedOnToolsVersion = 16.2;
						TestTargetID = 024717AE2F33E9AC0029E7BC;
					};
				};
			};
			buildConfigurationList = 024717AA2F33E9AC0029E7BC /* Build configuration list for PBXProject "Naviari_IOS" */;
			developmentRegion = en;
			hasScannedForEncodings = 0;
			knownRegions = (
				en,
				Base,
				fi,
				sv,
			);
			mainGroup = 024717A62F33E9AC0029E7BC;
			minimizedProjectReferenceProxies = 1;
			preferredProjectObjectVersion = 77;
			productRefGroup = 024717B02F33E9AC0029E7BC /* Products */;
			projectDirPath = "";
			projectRoot = "";
			targets = (
				024717AE2F33E9AC0029E7BC /* Naviari_IOS */,
				024717C02F33E9AE0029E7BC /* Naviari_IOSTests */,
				024717CA2F33E9AE0029E7BC /* Naviari_IOSUITests */,
			);
		};
/* End PBXProject section */

/* Begin PBXResourcesBuildPhase section */
		024717AD2F33E9AC0029E7BC /* Resources */ = {
			isa = PBXResourcesBuildPhase;
			buildActionMask = 2147483647;
			files = (
			);
			runOnlyForDeploymentPostprocessing = 0;
		};
		024717BF2F33E9AE0029E7BC /* Resources */ = {
			isa = PBXResourcesBuildPhase;
			buildActionMask = 2147483647;
			files = (
			);
			runOnlyForDeploymentPostprocessing = 0;
		};
		024717C92F33E9AE0029E7BC /* Resources */ = {
			isa = PBXResourcesBuildPhase;
			buildActionMask = 2147483647;
			files = (
			);
			runOnlyForDeploymentPostprocessing = 0;
		};
/* End PBXResourcesBuildPhase section */

/* Begin PBXSourcesBuildPhase section */
		024717AB2F33E9AC0029E7BC /* Sources */ = {
			isa = PBXSourcesBuildPhase;
			buildActionMask = 2147483647;
			files = (
			);
			runOnlyForDeploymentPostprocessing = 0;
		};
		024717BD2F33E9AE0029E7BC /* Sources */ = {
			isa = PBXSourcesBuildPhase;
			buildActionMask = 2147483647;
			files = (
			);
			runOnlyForDeploymentPostprocessing = 0;
		};
		024717C72F33E9AE0029E7BC /* Sources */ = {
			isa = PBXSourcesBuildPhase;
			buildActionMask = 2147483647;
			files = (
			);
			runOnlyForDeploymentPostprocessing = 0;
		};
/* End PBXSourcesBuildPhase section */

/* Begin PBXTargetDependency section */
		024717C32F33E9AE0029E7BC /* PBXTargetDependency */ = {
			isa = PBXTargetDependency;
			target = 024717AE2F33E9AC0029E7BC /* Naviari_IOS */;
			targetProxy = 024717C22F33E9AE0029E7BC /* PBXContainerItemProxy */;
		};
		024717CD2F33E9AE0029E7BC /* PBXTargetDependency */ = {
			isa = PBXTargetDependency;
			target = 024717AE2F33E9AC0029E7BC /* Naviari_IOS */;
			targetProxy = 024717CC2F33E9AE0029E7BC /* PBXContainerItemProxy */;
		};
/* End PBXTargetDependency section */

/* Begin XCBuildConfiguration section */
		024717D32F33E9AE0029E7BC /* Debug */ = {
			isa = XCBuildConfiguration;
			buildSettings = {
				ALWAYS_SEARCH_USER_PATHS = NO;
				ASSETCATALOG_COMPILER_GENERATE_SWIFT_ASSET_SYMBOL_EXTENSIONS = YES;
				CLANG_ANALYZER_NONNULL = YES;
				CLANG_ANALYZER_NUMBER_OBJECT_CONVERSION = YES_AGGRESSIVE;
				CLANG_CXX_LANGUAGE_STANDARD = "gnu++20";
				CLANG_ENABLE_MODULES = YES;
				CLANG_ENABLE_OBJC_ARC = YES;
				CLANG_ENABLE_OBJC_WEAK = YES;
				CLANG_WARN_BLOCK_CAPTURE_AUTORELEASING = YES;
				CLANG_WARN_BOOL_CONVERSION = YES;
				CLANG_WARN_COMMA = YES;
				CLANG_WARN_CONSTANT_CONVERSION = YES;
				CLANG_WARN_DEPRECATED_OBJC_IMPLEMENTATIONS = YES;
				CLANG_WARN_DIRECT_OBJC_ISA_USAGE = YES_ERROR;
				CLANG_WARN_DOCUMENTATION_COMMENTS = YES;
				CLANG_WARN_EMPTY_BODY = YES;
				CLANG_WARN_ENUM_CONVERSION = YES;
				CLANG_WARN_INFINITE_RECURSION = YES;
				CLANG_WARN_INT_CONVERSION = YES;
				CLANG_WARN_NON_LITERAL_NULL_CONVERSION = YES;
				CLANG_WARN_OBJC_IMPLICIT_RETAIN_SELF = YES;
				CLANG_WARN_OBJC_LITERAL_CONVERSION = YES;
				CLANG_WARN_OBJC_ROOT_CLASS = YES_ERROR;
				CLANG_WARN_QUOTED_INCLUDE_IN_FRAMEWORK_HEADER = YES;
				CLANG_WARN_RANGE_LOOP_ANALYSIS = YES;
				CLANG_WARN_STRICT_PROTOTYPES = YES;
				CLANG_WARN_SUSPICIOUS_MOVE = YES;
				CLANG_WARN_UNGUARDED_AVAILABILITY = YES_AGGRESSIVE;
				CLANG_WARN_UNREACHABLE_CODE = YES;
				CLANG_WARN__DUPLICATE_METHOD_MATCH = YES;
				COPY_PHASE_STRIP = NO;
				DEBUG_INFORMATION_FORMAT = dwarf;
				ENABLE_STRICT_OBJC_MSGSEND = YES;
				ENABLE_TESTABILITY = YES;
				ENABLE_USER_SCRIPT_SANDBOXING = YES;
				GCC_C_LANGUAGE_STANDARD = gnu17;
				GCC_DYNAMIC_NO_PIC = NO;
				GCC_NO_COMMON_BLOCKS = YES;
				GCC_OPTIMIZATION_LEVEL = 0;
				GCC_PREPROCESSOR_DEFINITIONS = (
					"DEBUG=1",
					"$(inherited)",
				);
				GCC_WARN_64_TO_32_BIT_CONVERSION = YES;
				GCC_WARN_ABOUT_RETURN_TYPE = YES_ERROR;
				GCC_WARN_UNDECLARED_SELECTOR = YES;
				GCC_WARN_UNINITIALIZED_AUTOS = YES_AGGRESSIVE;
				GCC_WARN_UNUSED_FUNCTION = YES;
				GCC_WARN_UNUSED_VARIABLE = YES;
				IPHONEOS_DEPLOYMENT_TARGET = 18.2;
				LOCALIZATION_PREFERS_STRING_CATALOGS = YES;
				MTL_ENABLE_DEBUG_INFO = INCLUDE_SOURCE;
				MTL_FAST_MATH = YES;
				ONLY_ACTIVE_ARCH = YES;
				SDKROOT = iphoneos;
				SWIFT_ACTIVE_COMPILATION_CONDITIONS = "DEBUG $(inherited)";
				SWIFT_OPTIMIZATION_LEVEL = "-Onone";
			};
			name = Debug;
		};
		024717D42F33E9AE0029E7BC /* Release */ = {
			isa = XCBuildConfiguration;
			buildSettings = {
				ALWAYS_SEARCH_USER_PATHS = NO;
				ASSETCATALOG_COMPILER_GENERATE_SWIFT_ASSET_SYMBOL_EXTENSIONS = YES;
				CLANG_ANALYZER_NONNULL = YES;
				CLANG_ANALYZER_NUMBER_OBJECT_CONVERSION = YES_AGGRESSIVE;
				CLANG_CXX_LANGUAGE_STANDARD = "gnu++20";
				CLANG_ENABLE_MODULES = YES;
				CLANG_ENABLE_OBJC_ARC = YES;
				CLANG_ENABLE_OBJC_WEAK = YES;
				CLANG_WARN_BLOCK_CAPTURE_AUTORELEASING = YES;
				CLANG_WARN_BOOL_CONVERSION = YES;
				CLANG_WARN_COMMA = YES;
				CLANG_WARN_CONSTANT_CONVERSION = YES;
				CLANG_WARN_DEPRECATED_OBJC_IMPLEMENTATIONS = YES;
				CLANG_WARN_DIRECT_OBJC_ISA_USAGE = YES_ERROR;
				CLANG_WARN_DOCUMENTATION_COMMENTS = YES;
				CLANG_WARN_EMPTY_BODY = YES;
				CLANG_WARN_ENUM_CONVERSION = YES;
				CLANG_WARN_INFINITE_RECURSION = YES;
				CLANG_WARN_INT_CONVERSION = YES;
				CLANG_WARN_NON_LITERAL_NULL_CONVERSION = YES;
				CLANG_WARN_OBJC_IMPLICIT_RETAIN_SELF = YES;
				CLANG_WARN_OBJC_LITERAL_CONVERSION = YES;
				CLANG_WARN_OBJC_ROOT_CLASS = YES_ERROR;
				CLANG_WARN_QUOTED_INCLUDE_IN_FRAMEWORK_HEADER = YES;
				CLANG_WARN_RANGE_LOOP_ANALYSIS = YES;
				CLANG_WARN_STRICT_PROTOTYPES = YES;
				CLANG_WARN_SUSPICIOUS_MOVE = YES;
				CLANG_WARN_UNGUARDED_AVAILABILITY = YES_AGGRESSIVE;
				CLANG_WARN_UNREACHABLE_CODE = YES;
				CLANG_WARN__DUPLICATE_METHOD_MATCH = YES;
				COPY_PHASE_STRIP = NO;
				DEBUG_INFORMATION_FORMAT = "dwarf-with-dsym";
				ENABLE_NS_ASSERTIONS = NO;
				ENABLE_STRICT_OBJC_MSGSEND = YES;
				ENABLE_USER_SCRIPT_SANDBOXING = YES;
				GCC_C_LANGUAGE_STANDARD = gnu17;
				GCC_NO_COMMON_BLOCKS = YES;
				GCC_WARN_64_TO_32_BIT_CONVERSION = YES;
				GCC_WARN_ABOUT_RETURN_TYPE = YES_ERROR;
				GCC_WARN_UNDECLARED_SELECTOR = YES;
				GCC_WARN_UNINITIALIZED_AUTOS = YES_AGGRESSIVE;
				GCC_WARN_UNUSED_FUNCTION = YES;
				GCC_WARN_UNUSED_VARIABLE = YES;
				IPHONEOS_DEPLOYMENT_TARGET = 18.2;
				LOCALIZATION_PREFERS_STRING_CATALOGS = YES;
				MTL_ENABLE_DEBUG_INFO = NO;
				MTL_FAST_MATH = YES;
				SDKROOT = iphoneos;
				SWIFT_COMPILATION_MODE = wholemodule;
				VALIDATE_PRODUCT = YES;
			};
			name = Release;
		};
		024717D62F33E9AE0029E7BC /* Debug */ = {
			isa = XCBuildConfiguration;
			buildSettings = {
				ASSETCATALOG_COMPILER_APPICON_NAME = AppIcon;
				ASSETCATALOG_COMPILER_GLOBAL_ACCENT_COLOR_NAME = AccentColor;
				CODE_SIGN_STYLE = Automatic;
				CURRENT_PROJECT_VERSION = 7;
				DEVELOPMENT_ASSET_PATHS = "\"Naviari_IOS/Preview Content\"";
				DEVELOPMENT_TEAM = 5ZU2SU5BXG;
				ENABLE_PREVIEWS = YES;
				GENERATE_INFOPLIST_FILE = YES;
				INFOPLIST_FILE = "Naviari-IOS-Info.plist";
				INFOPLIST_KEY_CFBundleDisplayName = NaviariRace;
				INFOPLIST_KEY_LSApplicationCategoryType = "public.app-category.sports";
				INFOPLIST_KEY_NSLocationAlwaysAndWhenInUseUsageDescription = "Location is used to send boat and bouy location for race platfrom";
				INFOPLIST_KEY_NSLocationAlwaysUsageDescription = "Location is used to send boat and bouy location for race platfrom";
				INFOPLIST_KEY_NSLocationWhenInUseUsageDescription = "Location is used to send boat and bouy location for race platfrom";
				INFOPLIST_KEY_NaviariAPIBaseURL = "$(NAVIARI_API_BASE)";
				INFOPLIST_KEY_NaviariAPIKey = "$(NAVIARI_API_KEY)";
				INFOPLIST_KEY_UIApplicationSceneManifest_Generation = YES;
				INFOPLIST_KEY_UIApplicationSupportsIndirectInputEvents = YES;
				INFOPLIST_KEY_UILaunchScreen_Generation = YES;
				INFOPLIST_KEY_UISupportedInterfaceOrientations_iPad = "UIInterfaceOrientationPortrait UIInterfaceOrientationPortraitUpsideDown UIInterfaceOrientationLandscapeLeft UIInterfaceOrientationLandscapeRight";
				INFOPLIST_KEY_UISupportedInterfaceOrientations_iPhone = "UIInterfaceOrientationPortrait UIInterfaceOrientationLandscapeLeft UIInterfaceOrientationLandscapeRight";
				IPHONEOS_DEPLOYMENT_TARGET = 18.0;
				LD_RUNPATH_SEARCH_PATHS = (
					"$(inherited)",
					"@executable_path/Frameworks",
				);
				MARKETING_VERSION = 0.2;
				NAVIARI_API_BASE = "http://192.168.86.56:3000";
				NAVIARI_API_KEY = "dev-sailing-api-key";
				PRODUCT_BUNDLE_IDENTIFIER = "fi.mobiari.Naviari-IOS";
				PRODUCT_NAME = "$(TARGET_NAME)";
				SWIFT_EMIT_LOC_STRINGS = YES;
				SWIFT_VERSION = 5.0;
				TARGETED_DEVICE_FAMILY = "1,2";
			};
			name = Debug;
		};
		024717D72F33E9AE0029E7BC /* Release */ = {
			isa = XCBuildConfiguration;
			buildSettings = {
				ASSETCATALOG_COMPILER_APPICON_NAME = AppIcon;
				ASSETCATALOG_COMPILER_GLOBAL_ACCENT_COLOR_NAME = AccentColor;
				CODE_SIGN_STYLE = Automatic;
				CURRENT_PROJECT_VERSION = 7;
				DEVELOPMENT_ASSET_PATHS = "\"Naviari_IOS/Preview Content\"";
				DEVELOPMENT_TEAM = 5ZU2SU5BXG;
				ENABLE_PREVIEWS = YES;
				GENERATE_INFOPLIST_FILE = YES;
				INFOPLIST_FILE = "Naviari-IOS-Info.plist";
				INFOPLIST_KEY_CFBundleDisplayName = NaviariRace;
				INFOPLIST_KEY_LSApplicationCategoryType = "public.app-category.sports";
				INFOPLIST_KEY_NSLocationAlwaysAndWhenInUseUsageDescription = "Location is used to send boat and bouy location for race platfrom";
				INFOPLIST_KEY_NSLocationAlwaysUsageDescription = "Location is used to send boat and bouy location for race platfrom";
				INFOPLIST_KEY_NSLocationWhenInUseUsageDescription = "Location is used to send boat and bouy location for race platfrom";
				INFOPLIST_KEY_NaviariAPIBaseURL = "$(NAVIARI_API_BASE)";
				INFOPLIST_KEY_NaviariAPIKey = "$(NAVIARI_API_KEY)";
				INFOPLIST_KEY_UIApplicationSceneManifest_Generation = YES;
				INFOPLIST_KEY_UIApplicationSupportsIndirectInputEvents = YES;
				INFOPLIST_KEY_UILaunchScreen_Generation = YES;
				INFOPLIST_KEY_UISupportedInterfaceOrientations_iPad = "UIInterfaceOrientationPortrait UIInterfaceOrientationPortraitUpsideDown UIInterfaceOrientationLandscapeLeft UIInterfaceOrientationLandscapeRight";
				INFOPLIST_KEY_UISupportedInterfaceOrientations_iPhone = "UIInterfaceOrientationPortrait UIInterfaceOrientationLandscapeLeft UIInterfaceOrientationLandscapeRight";
				IPHONEOS_DEPLOYMENT_TARGET = 18.0;
				LD_RUNPATH_SEARCH_PATHS = (
					"$(inherited)",
					"@executable_path/Frameworks",
				);
				MARKETING_VERSION = 0.2;
				NAVIARI_API_BASE = "https://naviaribackend-production.up.railway.app";
				NAVIARI_API_KEY = 2d7fa1686e751498c3397fd7f4a19ff578f5b73698cd6e857c39a190e283ffe8;
				PRODUCT_BUNDLE_IDENTIFIER = "fi.mobiari.Naviari-IOS";
				PRODUCT_NAME = "$(TARGET_NAME)";
				SWIFT_EMIT_LOC_STRINGS = YES;
				SWIFT_VERSION = 5.0;
				TARGETED_DEVICE_FAMILY = "1,2";
			};
			name = Release;
		};
		024717D92F33E9AE0029E7BC /* Debug */ = {
			isa = XCBuildConfiguration;
			buildSettings = {
				BUNDLE_LOADER = "$(TEST_HOST)";
				CODE_SIGN_STYLE = Automatic;
				CURRENT_PROJECT_VERSION = 1;
				DEVELOPMENT_TEAM = 5ZU2SU5BXG;
				GENERATE_INFOPLIST_FILE = YES;
				IPHONEOS_DEPLOYMENT_TARGET = 18.2;
				MARKETING_VERSION = 1.0;
				PRODUCT_BUNDLE_IDENTIFIER = "fi.mobiari.Naviari-IOSTests";
				PRODUCT_NAME = "$(TARGET_NAME)";
				SWIFT_EMIT_LOC_STRINGS = NO;
				SWIFT_VERSION = 5.0;
				TARGETED_DEVICE_FAMILY = "1,2";
				TEST_HOST = "$(BUILT_PRODUCTS_DIR)/Naviari_IOS.app/$(BUNDLE_EXECUTABLE_FOLDER_PATH)/Naviari_IOS";
			};
			name = Debug;
		};
		024717DA2F33E9AE0029E7BC /* Release */ = {
			isa = XCBuildConfiguration;
			buildSettings = {
				BUNDLE_LOADER = "$(TEST_HOST)";
				CODE_SIGN_STYLE = Automatic;
				CURRENT_PROJECT_VERSION = 1;
				DEVELOPMENT_TEAM = 5ZU2SU5BXG;
				GENERATE_INFOPLIST_FILE = YES;
				IPHONEOS_DEPLOYMENT_TARGET = 18.2;
				MARKETING_VERSION = 1.0;
				PRODUCT_BUNDLE_IDENTIFIER = "fi.mobiari.Naviari-IOSTests";
				PRODUCT_NAME = "$(TARGET_NAME)";
				SWIFT_EMIT_LOC_STRINGS = NO;
				SWIFT_VERSION = 5.0;
				TARGETED_DEVICE_FAMILY = "1,2";
				TEST_HOST = "$(BUILT_PRODUCTS_DIR)/Naviari_IOS.app/$(BUNDLE_EXECUTABLE_FOLDER_PATH)/Naviari_IOS";
			};
			name = Release;
		};
		024717DC2F33E9AE0029E7BC /* Debug */ = {
			isa = XCBuildConfiguration;
			buildSettings = {
				CODE_SIGN_STYLE = Automatic;
				CURRENT_PROJECT_VERSION = 1;
				DEVELOPMENT_TEAM = 5ZU2SU5BXG;
				GENERATE_INFOPLIST_FILE = YES;
				MARKETING_VERSION = 1.0;
				PRODUCT_BUNDLE_IDENTIFIER = "fi.mobiari.Naviari-IOSUITests";
				PRODUCT_NAME = "$(TARGET_NAME)";
				SWIFT_EMIT_LOC_STRINGS = NO;
				SWIFT_VERSION = 5.0;
				TARGETED_DEVICE_FAMILY = "1,2";
				TEST_TARGET_NAME = Naviari_IOS;
			};
			name = Debug;
		};
		024717DD2F33E9AE0029E7BC /* Release */ = {
			isa = XCBuildConfiguration;
			buildSettings = {
				CODE_SIGN_STYLE = Automatic;
				CURRENT_PROJECT_VERSION = 1;
				DEVELOPMENT_TEAM = 5ZU2SU5BXG;
				GENERATE_INFOPLIST_FILE = YES;
				MARKETING_VERSION = 1.0;
				PRODUCT_BUNDLE_IDENTIFIER = "fi.mobiari.Naviari-IOSUITests";
				PRODUCT_NAME = "$(TARGET_NAME)";
				SWIFT_EMIT_LOC_STRINGS = NO;
				SWIFT_VERSION = 5.0;
				TARGETED_DEVICE_FAMILY = "1,2";
				TEST_TARGET_NAME = Naviari_IOS;
			};
			name = Release;
		};
/* End XCBuildConfiguration section */

/* Begin XCConfigurationList section */
		024717AA2F33E9AC0029E7BC /* Build configuration list for PBXProject "Naviari_IOS" */ = {
			isa = XCConfigurationList;
			buildConfigurations = (
				024717D32F33E9AE0029E7BC /* Debug */,
				024717D42F33E9AE0029E7BC /* Release */,
			);
			defaultConfigurationIsVisible = 0;
			defaultConfigurationName = Release;
		};
		024717D52F33E9AE0029E7BC /* Build configuration list for PBXNativeTarget "Naviari_IOS" */ = {
			isa = XCConfigurationList;
			buildConfigurations = (
				024717D62F33E9AE0029E7BC /* Debug */,
				024717D72F33E9AE0029E7BC /* Release */,
			);
			defaultConfigurationIsVisible = 0;
			defaultConfigurationName = Release;
		};
		024717D82F33E9AE0029E7BC /* Build configuration list for PBXNativeTarget "Naviari_IOSTests" */ = {
			isa = XCConfigurationList;
			buildConfigurations = (
				024717D92F33E9AE0029E7BC /* Debug */,
				024717DA2F33E9AE0029E7BC /* Release */,
			);
			defaultConfigurationIsVisible = 0;
			defaultConfigurationName = Release;
		};
		024717DB2F33E9AE0029E7BC /* Build configuration list for PBXNativeTarget "Naviari_IOSUITests" */ = {
			isa = XCConfigurationList;
			buildConfigurations = (
				024717DC2F33E9AE0029E7BC /* Debug */,
				024717DD2F33E9AE0029E7BC /* Release */,
			);
			defaultConfigurationIsVisible = 0;
			defaultConfigurationName = Release;
		};
/* End XCConfigurationList section */
	};
	rootObject = 024717A72F33E9AC0029E7BC /* Project object */;
}
